// !$*UTF8*$!
{
	archiveVersion = 1;
	classes = {
	};
	objectVersion = 46;
	objects = {

/* Begin PBXBuildFile section */
		4BAF4690192F94C300AAD798 /* Foundation.framework in Frameworks */ = {isa = PBXBuildFile; fileRef = 4BAF468F192F94C300AAD798 /* Foundation.framework */; };
		4BAF4692192F94C300AAD798 /* CoreGraphics.framework in Frameworks */ = {isa = PBXBuildFile; fileRef = 4BAF4691192F94C300AAD798 /* CoreGraphics.framework */; };
		4BAF4694192F94C300AAD798 /* UIKit.framework in Frameworks */ = {isa = PBXBuildFile; fileRef = 4BAF4693192F94C300AAD798 /* UIKit.framework */; };
		4BAF469A192F94C300AAD798 /* InfoPlist.strings in Resources */ = {isa = PBXBuildFile; fileRef = 4BAF4698192F94C300AAD798 /* InfoPlist.strings */; };
		4BAF469C192F94C300AAD798 /* main.m in Sources */ = {isa = PBXBuildFile; fileRef = 4BAF469B192F94C300AAD798 /* main.m */; };
		4BAF46A0192F94C300AAD798 /* AppDelegate.m in Sources */ = {isa = PBXBuildFile; fileRef = 4BAF469F192F94C300AAD798 /* AppDelegate.m */; };
		4BAF46A3192F94C300AAD798 /* Main.storyboard in Resources */ = {isa = PBXBuildFile; fileRef = 4BAF46A1192F94C300AAD798 /* Main.storyboard */; };
		4BAF46A6192F94C300AAD798 /* MasterViewController.m in Sources */ = {isa = PBXBuildFile; fileRef = 4BAF46A5192F94C300AAD798 /* MasterViewController.m */; };
		4BAF46A9192F94C300AAD798 /* DetailViewController.m in Sources */ = {isa = PBXBuildFile; fileRef = 4BAF46A8192F94C300AAD798 /* DetailViewController.m */; };
		4BAF46AB192F94C300AAD798 /* Images.xcassets in Resources */ = {isa = PBXBuildFile; fileRef = 4BAF46AA192F94C300AAD798 /* Images.xcassets */; };
		4BAF46B2192F94C400AAD798 /* XCTest.framework in Frameworks */ = {isa = PBXBuildFile; fileRef = 4BAF46B1192F94C400AAD798 /* XCTest.framework */; };
		4BAF46B3192F94C400AAD798 /* Foundation.framework in Frameworks */ = {isa = PBXBuildFile; fileRef = 4BAF468F192F94C300AAD798 /* Foundation.framework */; };
		4BAF46B4192F94C400AAD798 /* UIKit.framework in Frameworks */ = {isa = PBXBuildFile; fileRef = 4BAF4693192F94C300AAD798 /* UIKit.framework */; };
		4BAF46BC192F94C400AAD798 /* InfoPlist.strings in Resources */ = {isa = PBXBuildFile; fileRef = 4BAF46BA192F94C400AAD798 /* InfoPlist.strings */; };
		4BAF46BE192F94C400AAD798 /* BookWormSBTests.m in Sources */ = {isa = PBXBuildFile; fileRef = 4BAF46BD192F94C400AAD798 /* BookWormSBTests.m */; };
/* End PBXBuildFile section */

/* Begin PBXContainerItemProxy section */
		4BAF46B5192F94C400AAD798 /* PBXContainerItemProxy */ = {
			isa = PBXContainerItemProxy;
			containerPortal = 4BAF4684192F94C300AAD798 /* Project object */;
			proxyType = 1;
			remoteGlobalIDString = 4BAF468B192F94C300AAD798;
			remoteInfo = BookWormSB;
		};
/* End PBXContainerItemProxy section */

/* Begin PBXFileReference section */
		4BAF468C192F94C300AAD798 /* BookWormSB.app */ = {isa = PBXFileReference; explicitFileType = wrapper.application; includeInIndex = 0; path = BookWormSB.app; sourceTree = BUILT_PRODUCTS_DIR; };
		4BAF468F192F94C300AAD798 /* Foundation.framework */ = {isa = PBXFileReference; lastKnownFileType = wrapper.framework; name = Foundation.framework; path = System/Library/Frameworks/Foundation.framework; sourceTree = SDKROOT; };
		4BAF4691192F94C300AAD798 /* CoreGraphics.framework */ = {isa = PBXFileReference; lastKnownFileType = wrapper.framework; name = CoreGraphics.framework; path = System/Library/Frameworks/CoreGraphics.framework; sourceTree = SDKROOT; };
		4BAF4693192F94C300AAD798 /* UIKit.framework */ = {isa = PBXFileReference; lastKnownFileType = wrapper.framework; name = UIKit.framework; path = System/Library/Frameworks/UIKit.framework; sourceTree = SDKROOT; };
		4BAF4697192F94C300AAD798 /* BookWormSB-Info.plist */ = {isa = PBXFileReference; lastKnownFileType = text.plist.xml; path = "BookWormSB-Info.plist"; sourceTree = "<group>"; };
		4BAF4699192F94C300AAD798 /* en */ = {isa = PBXFileReference; lastKnownFileType = text.plist.strings; name = en; path = en.lproj/InfoPlist.strings; sourceTree = "<group>"; };
		4BAF469B192F94C300AAD798 /* main.m */ = {isa = PBXFileReference; lastKnownFileType = sourcecode.c.objc; path = main.m; sourceTree = "<group>"; };
		4BAF469D192F94C300AAD798 /* BookWormSB-Prefix.pch */ = {isa = PBXFileReference; lastKnownFileType = sourcecode.c.h; path = "BookWormSB-Prefix.pch"; sourceTree = "<group>"; };
		4BAF469E192F94C300AAD798 /* AppDelegate.h */ = {isa = PBXFileReference; lastKnownFileType = sourcecode.c.h; path = AppDelegate.h; sourceTree = "<group>"; };
		4BAF469F192F94C300AAD798 /* AppDelegate.m */ = {isa = PBXFileReference; lastKnownFileType = sourcecode.c.objc; path = AppDelegate.m; sourceTree = "<group>"; };
		4BAF46A2192F94C300AAD798 /* Base */ = {isa = PBXFileReference; lastKnownFileType = file.storyboard; name = Base; path = Base.lproj/Main.storyboard; sourceTree = "<group>"; };
		4BAF46A4192F94C300AAD798 /* MasterViewController.h */ = {isa = PBXFileReference; lastKnownFileType = sourcecode.c.h; path = MasterViewController.h; sourceTree = "<group>"; };
		4BAF46A5192F94C300AAD798 /* MasterViewController.m */ = {isa = PBXFileReference; lastKnownFileType = sourcecode.c.objc; path = MasterViewController.m; sourceTree = "<group>"; };
		4BAF46A7192F94C300AAD798 /* DetailViewController.h */ = {isa = PBXFileReference; lastKnownFileType = sourcecode.c.h; path = DetailViewController.h; sourceTree = "<group>"; };
		4BAF46A8192F94C300AAD798 /* DetailViewController.m */ = {isa = PBXFileReference; lastKnownFileType = sourcecode.c.objc; path = DetailViewController.m; sourceTree = "<group>"; };
		4BAF46AA192F94C300AAD798 /* Images.xcassets */ = {isa = PBXFileReference; lastKnownFileType = folder.assetcatalog; path = Images.xcassets; sourceTree = "<group>"; };
		4BAF46B0192F94C400AAD798 /* BookWormSBTests.xctest */ = {isa = PBXFileReference; explicitFileType = wrapper.cfbundle; includeInIndex = 0; path = BookWormSBTests.xctest; sourceTree = BUILT_PRODUCTS_DIR; };
		4BAF46B1192F94C400AAD798 /* XCTest.framework */ = {isa = PBXFileReference; lastKnownFileType = wrapper.framework; name = XCTest.framework; path = Library/Frameworks/XCTest.framework; sourceTree = DEVELOPER_DIR; };
		4BAF46B9192F94C400AAD798 /* BookWormSBTests-Info.plist */ = {isa = PBXFileReference; lastKnownFileType = text.plist.xml; path = "BookWormSBTests-Info.plist"; sourceTree = "<group>"; };
		4BAF46BB192F94C400AAD798 /* en */ = {isa = PBXFileReference; lastKnownFileType = text.plist.strings; name = en; path = en.lproj/InfoPlist.strings; sourceTree = "<group>"; };
		4BAF46BD192F94C400AAD798 /* BookWormSBTests.m */ = {isa = PBXFileReference; lastKnownFileType = sourcecode.c.objc; path = BookWormSBTests.m; sourceTree = "<group>"; };
/* End PBXFileReference section */

/* Begin PBXFrameworksBuildPhase section */
		4BAF4689192F94C300AAD798 /* Frameworks */ = {
			isa = PBXFrameworksBuildPhase;
			buildActionMask = 2147483647;
			files = (
				4BAF4692192F94C300AAD798 /* CoreGraphics.framework in Frameworks */,
				4BAF4694192F94C300AAD798 /* UIKit.framework in Frameworks */,
				4BAF4690192F94C300AAD798 /* Foundation.framework in Frameworks */,
			);
			runOnlyForDeploymentPostprocessing = 0;
		};
		4BAF46AD192F94C400AAD798 /* Frameworks */ = {
			isa = PBXFrameworksBuildPhase;
			buildActionMask = 2147483647;
			files = (
				4BAF46B2192F94C400AAD798 /* XCTest.framework in Frameworks */,
				4BAF46B4192F94C400AAD798 /* UIKit.framework in Frameworks */,
				4BAF46B3192F94C400AAD798 /* Foundation.framework in Frameworks */,
			);
			runOnlyForDeploymentPostprocessing = 0;
		};
/* End PBXFrameworksBuildPhase section */

/* Begin PBXGroup section */
		4BAF4683192F94C300AAD798 = {
			isa = PBXGroup;
			children = (
				4BAF4695192F94C300AAD798 /* BookWormSB */,
				4BAF46B7192F94C400AAD798 /* BookWormSBTests */,
				4BAF468E192F94C300AAD798 /* Frameworks */,
				4BAF468D192F94C300AAD798 /* Products */,
			);
			sourceTree = "<group>";
		};
		4BAF468D192F94C300AAD798 /* Products */ = {
			isa = PBXGroup;
			children = (
				4BAF468C192F94C300AAD798 /* BookWormSB.app */,
				4BAF46B0192F94C400AAD798 /* BookWormSBTests.xctest */,
			);
			name = Products;
			sourceTree = "<group>";
		};
		4BAF468E192F94C300AAD798 /* Frameworks */ = {
			isa = PBXGroup;
			children = (
				4BAF468F192F94C300AAD798 /* Foundation.framework */,
				4BAF4691192F94C300AAD798 /* CoreGraphics.framework */,
				4BAF4693192F94C300AAD798 /* UIKit.framework */,
				4BAF46B1192F94C400AAD798 /* XCTest.framework */,
			);
			name = Frameworks;
			sourceTree = "<group>";
		};
		4BAF4695192F94C300AAD798 /* BookWormSB */ = {
			isa = PBXGroup;
			children = (
				4BAF469E192F94C300AAD798 /* AppDelegate.h */,
				4BAF469F192F94C300AAD798 /* AppDelegate.m */,
				4BAF46A1192F94C300AAD798 /* Main.storyboard */,
				4BAF46A4192F94C300AAD798 /* MasterViewController.h */,
				4BAF46A5192F94C300AAD798 /* MasterViewController.m */,
				4BAF46A7192F94C300AAD798 /* DetailViewController.h */,
				4BAF46A8192F94C300AAD798 /* DetailViewController.m */,
				4BAF46AA192F94C300AAD798 /* Images.xcassets */,
				4BAF4696192F94C300AAD798 /* Supporting Files */,
			);
			path = BookWormSB;
			sourceTree = "<group>";
		};
		4BAF4696192F94C300AAD798 /* Supporting Files */ = {
			isa = PBXGroup;
			children = (
				4BAF4697192F94C300AAD798 /* BookWormSB-Info.plist */,
				4BAF4698192F94C300AAD798 /* InfoPlist.strings */,
				4BAF469B192F94C300AAD798 /* main.m */,
				4BAF469D192F94C300AAD798 /* BookWormSB-Prefix.pch */,
			);
			name = "Supporting Files";
			sourceTree = "<group>";
		};
		4BAF46B7192F94C400AAD798 /* BookWormSBTests */ = {
			isa = PBXGroup;
			children = (
				4BAF46BD192F94C400AAD798 /* BookWormSBTests.m */,
				4BAF46B8192F94C400AAD798 /* Supporting Files */,
			);
			path = BookWormSBTests;
			sourceTree = "<group>";
		};
		4BAF46B8192F94C400AAD798 /* Supporting Files */ = {
			isa = PBXGroup;
			children = (
				4BAF46B9192F94C400AAD798 /* BookWormSBTests-Info.plist */,
				4BAF46BA192F94C400AAD798 /* InfoPlist.strings */,
			);
			name = "Supporting Files";
			sourceTree = "<group>";
		};
/* End PBXGroup section */

/* Begin PBXNativeTarget section */
		4BAF468B192F94C300AAD798 /* BookWormSB */ = {
			isa = PBXNativeTarget;
			buildConfigurationList = 4BAF46C1192F94C400AAD798 /* Build configuration list for PBXNativeTarget "BookWormSB" */;
			buildPhases = (
				4BAF4688192F94C300AAD798 /* Sources */,
				4BAF4689192F94C300AAD798 /* Frameworks */,
				4BAF468A192F94C300AAD798 /* Resources */,
			);
			buildRules = (
			);
			dependencies = (
			);
			name = BookWormSB;
			productName = BookWormSB;
			productReference = 4BAF468C192F94C300AAD798 /* BookWormSB.app */;
			productType = "com.apple.product-type.application";
		};
		4BAF46AF192F94C400AAD798 /* BookWormSBTests */ = {
			isa = PBXNativeTarget;
			buildConfigurationList = 4BAF46C4192F94C400AAD798 /* Build configuration list for PBXNativeTarget "BookWormSBTests" */;
			buildPhases = (
				4BAF46AC192F94C400AAD798 /* Sources */,
				4BAF46AD192F94C400AAD798 /* Frameworks */,
				4BAF46AE192F94C400AAD798 /* Resources */,
			);
			buildRules = (
			);
			dependencies = (
				4BAF46B6192F94C400AAD798 /* PBXTargetDependency */,
			);
			name = BookWormSBTests;
			productName = BookWormSBTests;
			productReference = 4BAF46B0192F94C400AAD798 /* BookWormSBTests.xctest */;
			productType = "com.apple.product-type.bundle.unit-test";
		};
/* End PBXNativeTarget section */

/* Begin PBXProject section */
		4BAF4684192F94C300AAD798 /* Project object */ = {
			isa = PBXProject;
			attributes = {
				LastUpgradeCheck = 0510;
				ORGANIZATIONNAME = msse650;
				TargetAttributes = {
					4BAF46AF192F94C400AAD798 = {
						TestTargetID = 4BAF468B192F94C300AAD798;
					};
				};
			};
			buildConfigurationList = 4BAF4687192F94C300AAD798 /* Build configuration list for PBXProject "BookWormSB" */;
			compatibilityVersion = "Xcode 3.2";
			developmentRegion = English;
			hasScannedForEncodings = 0;
			knownRegions = (
				en,
				Base,
			);
			mainGroup = 4BAF4683192F94C300AAD798;
			productRefGroup = 4BAF468D192F94C300AAD798 /* Products */;
			projectDirPath = "";
			projectRoot = "";
			targets = (
				4BAF468B192F94C300AAD798 /* BookWormSB */,
				4BAF46AF192F94C400AAD798 /* BookWormSBTests */,
			);
		};
/* End PBXProject section */

/* Begin PBXResourcesBuildPhase section */
		4BAF468A192F94C300AAD798 /* Resources */ = {
			isa = PBXResourcesBuildPhase;
			buildActionMask = 2147483647;
			files = (
				4BAF46AB192F94C300AAD798 /* Images.xcassets in Resources */,
				4BAF469A192F94C300AAD798 /* InfoPlist.strings in Resources */,
				4BAF46A3192F94C300AAD798 /* Main.storyboard in Resources */,
			);
			runOnlyForDeploymentPostprocessing = 0;
		};
		4BAF46AE192F94C400AAD798 /* Resources */ = {
			isa = PBXResourcesBuildPhase;
			buildActionMask = 2147483647;
			files = (
				4BAF46BC192F94C400AAD798 /* InfoPlist.strings in Resources */,
			);
			runOnlyForDeploymentPostprocessing = 0;
		};
/* End PBXResourcesBuildPhase section */

/* Begin PBXSourcesBuildPhase section */
		4BAF4688192F94C300AAD798 /* Sources */ = {
			isa = PBXSourcesBuildPhase;
			buildActionMask = 2147483647;
			files = (
				4BAF46A0192F94C300AAD798 /* AppDelegate.m in Sources */,
				4BAF46A6192F94C300AAD798 /* MasterViewController.m in Sources */,
				4BAF469C192F94C300AAD798 /* main.m in Sources */,
				4BAF46A9192F94C300AAD798 /* DetailViewController.m in Sources */,
			);
			runOnlyForDeploymentPostprocessing = 0;
		};
		4BAF46AC192F94C400AAD798 /* Sources */ = {
			isa = PBXSourcesBuildPhase;
			buildActionMask = 2147483647;
			files = (
				4BAF46BE192F94C400AAD798 /* BookWormSBTests.m in Sources */,
			);
			runOnlyForDeploymentPostprocessing = 0;
		};
/* End PBXSourcesBuildPhase section */

/* Begin PBXTargetDependency section */
		4BAF46B6192F94C400AAD798 /* PBXTargetDependency */ = {
			isa = PBXTargetDependency;
			target = 4BAF468B192F94C300AAD798 /* BookWormSB */;
			targetProxy = 4BAF46B5192F94C400AAD798 /* PBXContainerItemProxy */;
		};
/* End PBXTargetDependency section */

/* Begin PBXVariantGroup section */
		4BAF4698192F94C300AAD798 /* InfoPlist.strings */ = {
			isa = PBXVariantGroup;
			children = (
				4BAF4699192F94C300AAD798 /* en */,
			);
			name = InfoPlist.strings;
			sourceTree = "<group>";
		};
		4BAF46A1192F94C300AAD798 /* Main.storyboard */ = {
			isa = PBXVariantGroup;
			children = (
				4BAF46A2192F94C300AAD798 /* Base */,
			);
			name = Main.storyboard;
			sourceTree = "<group>";
		};
		4BAF46BA192F94C400AAD798 /* InfoPlist.strings */ = {
			isa = PBXVariantGroup;
			children = (
				4BAF46BB192F94C400AAD798 /* en */,
			);
			name = InfoPlist.strings;
			sourceTree = "<group>";
		};
/* End PBXVariantGroup section */

/* Begin XCBuildConfiguration section */
		4BAF46BF192F94C400AAD798 /* Debug */ = {
			isa = XCBuildConfiguration;
			buildSettings = {
				ALWAYS_SEARCH_USER_PATHS = NO;
				CLANG_CXX_LANGUAGE_STANDARD = "gnu++0x";
				CLANG_CXX_LIBRARY = "libc++";
				CLANG_ENABLE_MODULES = YES;
				CLANG_ENABLE_OBJC_ARC = YES;
				CLANG_WARN_BOOL_CONVERSION = YES;
				CLANG_WARN_CONSTANT_CONVERSION = YES;
				CLANG_WARN_DIRECT_OBJC_ISA_USAGE = YES_ERROR;
				CLANG_WARN_EMPTY_BODY = YES;
				CLANG_WARN_ENUM_CONVERSION = YES;
				CLANG_WARN_INT_CONVERSION = YES;
				CLANG_WARN_OBJC_ROOT_CLASS = YES_ERROR;
				CLANG_WARN__DUPLICATE_METHOD_MATCH = YES;
				"CODE_SIGN_IDENTITY[sdk=iphoneos*]" = "iPhone Developer";
				COPY_PHASE_STRIP = NO;
				GCC_C_LANGUAGE_STANDARD = gnu99;
				GCC_DYNAMIC_NO_PIC = NO;
				GCC_OPTIMIZATION_LEVEL = 0;
				GCC_PREPROCESSOR_DEFINITIONS = (
					"DEBUG=1",
					"$(inherited)",
				);
				GCC_SYMBOLS_PRIVATE_EXTERN = NO;
				GCC_WARN_64_TO_32_BIT_CONVERSION = YES;
				GCC_WARN_ABOUT_RETURN_TYPE = YES_ERROR;
				GCC_WARN_UNDECLARED_SELECTOR = YES;
				GCC_WARN_UNINITIALIZED_AUTOS = YES_AGGRESSIVE;
				GCC_WARN_UNUSED_FUNCTION = YES;
				GCC_WARN_UNUSED_VARIABLE = YES;
				IPHONEOS_DEPLOYMENT_TARGET = 7.1;
				ONLY_ACTIVE_ARCH = YES;
				SDKROOT = iphoneos;
			};
			name = Debug;
		};
		4BAF46C0192F94C400AAD798 /* Release */ = {
			isa = XCBuildConfiguration;
			buildSettings = {
				ALWAYS_SEARCH_USER_PATHS = NO;
				CLANG_CXX_LANGUAGE_STANDARD = "gnu++0x";
				CLANG_CXX_LIBRARY = "libc++";
				CLANG_ENABLE_MODULES = YES;
				CLANG_ENABLE_OBJC_ARC = YES;
				CLANG_WARN_BOOL_CONVERSION = YES;
				CLANG_WARN_CONSTANT_CONVERSION = YES;
				CLANG_WARN_DIRECT_OBJC_ISA_USAGE = YES_ERROR;
				CLANG_WARN_EMPTY_BODY = YES;
				CLANG_WARN_ENUM_CONVERSION = YES;
				CLANG_WARN_INT_CONVERSION = YES;
				CLANG_WARN_OBJC_ROOT_CLASS = YES_ERROR;
				CLANG_WARN__DUPLICATE_METHOD_MATCH = YES;
				"CODE_SIGN_IDENTITY[sdk=iphoneos*]" = "iPhone Developer";
				COPY_PHASE_STRIP = YES;
				ENABLE_NS_ASSERTIONS = NO;
				GCC_C_LANGUAGE_STANDARD = gnu99;
				GCC_WARN_64_TO_32_BIT_CONVERSION = YES;
				GCC_WARN_ABOUT_RETURN_TYPE = YES_ERROR;
				GCC_WARN_UNDECLARED_SELECTOR = YES;
				GCC_WARN_UNINITIALIZED_AUTOS = YES_AGGRESSIVE;
				GCC_WARN_UNUSED_FUNCTION = YES;
				GCC_WARN_UNUSED_VARIABLE = YES;
				IPHONEOS_DEPLOYMENT_TARGET = 7.1;
				SDKROOT = iphoneos;
				VALIDATE_PRODUCT = YES;
			};
			name = Release;
		};
		4BAF46C2192F94C400AAD798 /* Debug */ = {
			isa = XCBuildConfiguration;
			buildSettings = {
				ASSETCATALOG_COMPILER_APPICON_NAME = AppIcon;
				ASSETCATALOG_COMPILER_LAUNCHIMAGE_NAME = LaunchImage;
				GCC_PRECOMPILE_PREFIX_HEADER = YES;
				GCC_PREFIX_HEADER = "BookWormSB/BookWormSB-Prefix.pch";
				INFOPLIST_FILE = "BookWormSB/BookWormSB-Info.plist";
				PRODUCT_NAME = "$(TARGET_NAME)";
				WRAPPER_EXTENSION = app;
			};
			name = Debug;
		};
		4BAF46C3192F94C400AAD798 /* Release */ = {
			isa = XCBuildConfiguration;
			buildSettings = {
				ASSETCATALOG_COMPILER_APPICON_NAME = AppIcon;
				ASSETCATALOG_COMPILER_LAUNCHIMAGE_NAME = LaunchImage;
				GCC_PRECOMPILE_PREFIX_HEADER = YES;
				GCC_PREFIX_HEADER = "BookWormSB/BookWormSB-Prefix.pch";
				INFOPLIST_FILE = "BookWormSB/BookWormSB-Info.plist";
				PRODUCT_NAME = "$(TARGET_NAME)";
				WRAPPER_EXTENSION = app;
			};
			name = Release;
		};
		4BAF46C5192F94C400AAD798 /* Debug */ = {
			isa = XCBuildConfiguration;
			buildSettings = {
				BUNDLE_LOADER = "$(BUILT_PRODUCTS_DIR)/BookWormSB.app/BookWormSB";
				FRAMEWORK_SEARCH_PATHS = (
					"$(SDKROOT)/Developer/Library/Frameworks",
					"$(inherited)",
					"$(DEVELOPER_FRAMEWORKS_DIR)",
				);
				GCC_PRECOMPILE_PREFIX_HEADER = YES;
				GCC_PREFIX_HEADER = "BookWormSB/BookWormSB-Prefix.pch";
				GCC_PREPROCESSOR_DEFINITIONS = (
					"DEBUG=1",
					"$(inherited)",
				);
				INFOPLIST_FILE = "BookWormSBTests/BookWormSBTests-Info.plist";
				PRODUCT_NAME = "$(TARGET_NAME)";
				TEST_HOST = "$(BUNDLE_LOADER)";
				WRAPPER_EXTENSION = xctest;
			};
			name = Debug;
		};
		4BAF46C6192F94C400AAD798 /* Release */ = {
			isa = XCBuildConfiguration;
			buildSettings = {
				BUNDLE_LOADER = "$(BUILT_PRODUCTS_DIR)/BookWormSB.app/BookWormSB";
				FRAMEWORK_SEARCH_PATHS = (
					"$(SDKROOT)/Developer/Library/Frameworks",
					"$(inherited)",
					"$(DEVELOPER_FRAMEWORKS_DIR)",
				);
				GCC_PRECOMPILE_PREFIX_HEADER = YES;
				GCC_PREFIX_HEADER = "BookWormSB/BookWormSB-Prefix.pch";
				INFOPLIST_FILE = "BookWormSBTests/BookWormSBTests-Info.plist";
				PRODUCT_NAME = "$(TARGET_NAME)";
				TEST_HOST = "$(BUNDLE_LOADER)";
				WRAPPER_EXTENSION = xctest;
			};
			name = Release;
		};
/* End XCBuildConfiguration section */

/* Begin XCConfigurationList section */
		4BAF4687192F94C300AAD798 /* Build configuration list for PBXProject "BookWormSB" */ = {
			isa = XCConfigurationList;
			buildConfigurations = (
				4BAF46BF192F94C400AAD798 /* Debug */,
				4BAF46C0192F94C400AAD798 /* Release */,
			);
			defaultConfigurationIsVisible = 0;
			defaultConfigurationName = Release;
		};
		4BAF46C1192F94C400AAD798 /* Build configuration list for PBXNativeTarget "BookWormSB" */ = {
			isa = XCConfigurationList;
			buildConfigurations = (
				4BAF46C2192F94C400AAD798 /* Debug */,
				4BAF46C3192F94C400AAD798 /* Release */,
			);
			defaultConfigurationIsVisible = 0;
		};
		4BAF46C4192F94C400AAD798 /* Build configuration list for PBXNativeTarget "BookWormSBTests" */ = {
			isa = XCConfigurationList;
			buildConfigurations = (
				4BAF46C5192F94C400AAD798 /* Debug */,
				4BAF46C6192F94C400AAD798 /* Release */,
			);
			defaultConfigurationIsVisible = 0;
		};
/* End XCConfigurationList section */
	};
	rootObject = 4BAF4684192F94C300AAD798 /* Project object */;
}
